
Microsoft Visual Studio Solution File, Format Version 11.00
# Visual Studio 2010
Project("{FAE04EC0-301F-11D3-BF4B-00C04F79EFBC}") = "CharacterDesign Assignments", "Assembly-CSharp.csproj", "{2EAAB027-7D69-765C-0B4A-4945AE5E555D}"
EndProject
Global
	GlobalSection(SolutionConfigurationPlatforms) = preSolution
		Debug|Any CPU = Debug|Any CPU
		Release|Any CPU = Release|Any CPU
	EndGlobalSection
	GlobalSection(ProjectConfigurationPlatforms) = postSolution
		{2EAAB027-7D69-765C-0B4A-4945AE5E555D}.Debug|Any CPU.ActiveCfg = Debug|Any CPU
		{2EAAB027-7D69-765C-0B4A-4945AE5E555D}.Debug|Any CPU.Build.0 = Debug|Any CPU
		{2EAAB027-7D69-765C-0B4A-4945AE5E555D}.Release|Any CPU.ActiveCfg = Release|Any CPU
		{2EAAB027-7D69-765C-0B4A-4945AE5E555D}.Release|Any CPU.Build.0 = Release|Any CPU
	EndGlobalSection
	GlobalSection(SolutionProperties) = preSolution
		HideSolutionNode = FALSE
	EndGlobalSection
	GlobalSection(MonoDevelopProperties) = preSolution
		StartupItem = Assembly-CSharp.csproj
	EndGlobalSection
EndGlobal
